# This file is autogenerated, do not edit; changes may be undone by the next 'dep ensure'.


[[projects]]
  digest = "1:d738ee5ad037d6029a0409c3ac3f7ca7554458a2708e0c90380ed914c2d98687"
  name = "h12.io/socks"
  packages = ["."]
  pruneopts = "UT"
  revision = "0ac3745d74c83be82ab1c6d81ca019af810f80af"

[solve-meta]
  analyzer-name = "dep"
  analyzer-version = 1
  input-imports = ["h12.io/socks"]
  solver-name = "gps-cdcl"
  solver-version = 1
